{
    "name": "com.example.splashscreen",
    "version": "1.0.0",
    "lockfileVersion": 1,
    "requires": true,
    "dependencies": {
        "cordova-plugin-splashscreen": {
            "version": "5.0.2",
            "resolved": "https://registry.npmjs.org/cordova-plugin-splashscreen/-/cordova-plugin-splashscreen-5.0.2.tgz",
            "integrity": "sha1-dH509W4gHNWFvGLRS8oZ9oZ/8e0="
        },
        "cordova-plugin-x-socialsharing": {
            "version": "5.4.1",
            "resolved": "https://registry.npmjs.org/cordova-plugin-x-socialsharing/-/cordova-plugin-x-socialsharing-5.4.1.tgz",
            "integrity": "sha512-JZcSf0heLKivlaYwmJ/n72Y049wD5FA10yfsJUeOZZpRvGtytnSQtTz0LyT4mGzEDiLUm5WD9k3082Ec4PlaGg=="
        },
        "es6-promise-plugin": {
            "version": "4.2.2",
            "resolved": "https://registry.npmjs.org/es6-promise-plugin/-/es6-promise-plugin-4.2.2.tgz",
            "integrity": "sha512-uoA4aVplXI9oqUYJFBAVRwAqIN9/n9JgrTAUGX3qPbnSZVE5yY1+6/MsoN5f4xsaPO62WjPHOdtts6okMN6tNA=="
        }
    }
}
